
Microsoft Visual Studio Solution File, Format Version 12.00
# Visual Studio Version 17
VisualStudioVersion = 17.7.34003.232
MinimumVisualStudioVersion = 10.0.40219.1
Project("{9A19103F-16F7-4668-BE54-9A1E7A4F7556}") = "WpfApp1", "WpfApp1\WpfApp1.csproj", "{C5C512B9-68DE-4607-A7C4-2016C2461994}"
EndProject
Project("{2150E333-8FDC-42A3-9474-1A3956D46DE8}") = "Solution Items", "Solution Items", "{6231CE49-225B-42DA-9892-8646F8740E63}"
	ProjectSection(SolutionItems) = preProject
		WpfApp1\HeightToWidth.cs = WpfApp1\HeightToWidth.cs
	EndProjectSection
EndProject
Global
	GlobalSection(SolutionConfigurationPlatforms) = preSolution
		Debug|Any CPU = Debug|Any CPU
		Release|Any CPU = Release|Any CPU
	EndGlobalSection
	GlobalSection(ProjectConfigurationPlatforms) = postSolution
		{C5C512B9-68DE-4607-A7C4-2016C2461994}.Debug|Any CPU.ActiveCfg = Debug|Any CPU
		{C5C512B9-68DE-4607-A7C4-2016C2461994}.Debug|Any CPU.Build.0 = Debug|Any CPU
		{C5C512B9-68DE-4607-A7C4-2016C2461994}.Release|Any CPU.ActiveCfg = Release|Any CPU
		{C5C512B9-68DE-4607-A7C4-2016C2461994}.Release|Any CPU.Build.0 = Release|Any CPU
	EndGlobalSection
	GlobalSection(SolutionProperties) = preSolution
		HideSolutionNode = FALSE
	EndGlobalSection
	GlobalSection(ExtensibilityGlobals) = postSolution
		SolutionGuid = {04B3A102-4E39-45D0-A29C-66DF1CDD20C0}
	EndGlobalSection
EndGlobal
